// !$*UTF8*$!
{
	archiveVersion = 1;
	classes = {
	};
	objectVersion = 55;
	objects = {

/* Begin PBXBuildFile section */
		DB25309C2816F1DD00E8BC90 /* SwiftUI_Realm_DemoApp.swift in Sources */ = {isa = PBXBuildFile; fileRef = DB25309B2816F1DD00E8BC90 /* SwiftUI_Realm_DemoApp.swift */; };
		DB25309E2816F1DD00E8BC90 /* ContentView.swift in Sources */ = {isa = PBXBuildFile; fileRef = DB25309D2816F1DD00E8BC90 /* ContentView.swift */; };
		DB2530A02816F1DE00E8BC90 /* Assets.xcassets in Resources */ = {isa = PBXBuildFile; fileRef = DB25309F2816F1DE00E8BC90 /* Assets.xcassets */; };
		DB2530A32816F1DE00E8BC90 /* Preview Assets.xcassets in Resources */ = {isa = PBXBuildFile; fileRef = DB2530A22816F1DE00E8BC90 /* Preview Assets.xcassets */; };
		DB2530AB2816F3CF00E8BC90 /* Realm in Frameworks */ = {isa = PBXBuildFile; productRef = DB2530AA2816F3CF00E8BC90 /* Realm */; };
		DB2530AD2816F3CF00E8BC90 /* RealmSwift in Frameworks */ = {isa = PBXBuildFile; productRef = DB2530AC2816F3CF00E8BC90 /* RealmSwift */; };
		DB2530AF2816F51F00E8BC90 /* Customer.swift in Sources */ = {isa = PBXBuildFile; fileRef = DB2530AE2816F51F00E8BC90 /* Customer.swift */; };
		DB2530B12816F97B00E8BC90 /* Order.swift in Sources */ = {isa = PBXBuildFile; fileRef = DB2530B02816F97B00E8BC90 /* Order.swift */; };
		DB2530B32816FB2E00E8BC90 /* Item.swift in Sources */ = {isa = PBXBuildFile; fileRef = DB2530B22816FB2E00E8BC90 /* Item.swift */; };
		DB2530B52816FBC300E8BC90 /* OrderDetail.swift in Sources */ = {isa = PBXBuildFile; fileRef = DB2530B42816FBC300E8BC90 /* OrderDetail.swift */; };
		DB2530B82816FDAB00E8BC90 /* CustomerList.swift in Sources */ = {isa = PBXBuildFile; fileRef = DB2530B72816FDAB00E8BC90 /* CustomerList.swift */; };
		DB2530BA2816FDB900E8BC90 /* SubmitOrder.swift in Sources */ = {isa = PBXBuildFile; fileRef = DB2530B92816FDB900E8BC90 /* SubmitOrder.swift */; };
		DB2530BD2817277B00E8BC90 /* CheckView.swift in Sources */ = {isa = PBXBuildFile; fileRef = DB2530BC2817277B00E8BC90 /* CheckView.swift */; };
		DB77DA1C281F3C3300753713 /* bundled.realm in Resources */ = {isa = PBXBuildFile; fileRef = DB77DA1B281F3C3300753713 /* bundled.realm */; };
/* End PBXBuildFile section */

/* Begin PBXFileReference section */
		DB2530982816F1DD00E8BC90 /* SwiftUI-Realm-Demo.app */ = {isa = PBXFileReference; explicitFileType = wrapper.application; includeInIndex = 0; path = "SwiftUI-Realm-Demo.app"; sourceTree = BUILT_PRODUCTS_DIR; };
		DB25309B2816F1DD00E8BC90 /* SwiftUI_Realm_DemoApp.swift */ = {isa = PBXFileReference; lastKnownFileType = sourcecode.swift; path = SwiftUI_Realm_DemoApp.swift; sourceTree = "<group>"; };
		DB25309D2816F1DD00E8BC90 /* ContentView.swift */ = {isa = PBXFileReference; lastKnownFileType = sourcecode.swift; path = ContentView.swift; sourceTree = "<group>"; };
		DB25309F2816F1DE00E8BC90 /* Assets.xcassets */ = {isa = PBXFileReference; lastKnownFileType = folder.assetcatalog; path = Assets.xcassets; sourceTree = "<group>"; };
		DB2530A22816F1DE00E8BC90 /* Preview Assets.xcassets */ = {isa = PBXFileReference; lastKnownFileType = folder.assetcatalog; path = "Preview Assets.xcassets"; sourceTree = "<group>"; };
		DB2530AE2816F51F00E8BC90 /* Customer.swift */ = {isa = PBXFileReference; lastKnownFileType = sourcecode.swift; path = Customer.swift; sourceTree = "<group>"; };
		DB2530B02816F97B00E8BC90 /* Order.swift */ = {isa = PBXFileReference; lastKnownFileType = sourcecode.swift; path = Order.swift; sourceTree = "<group>"; };
		DB2530B22816FB2E00E8BC90 /* Item.swift */ = {isa = PBXFileReference; lastKnownFileType = sourcecode.swift; path = Item.swift; sourceTree = "<group>"; };
		DB2530B42816FBC300E8BC90 /* OrderDetail.swift */ = {isa = PBXFileReference; lastKnownFileType = sourcecode.swift; path = OrderDetail.swift; sourceTree = "<group>"; };
		DB2530B72816FDAB00E8BC90 /* CustomerList.swift */ = {isa = PBXFileReference; lastKnownFileType = sourcecode.swift; path = CustomerList.swift; sourceTree = "<group>"; };
		DB2530B92816FDB900E8BC90 /* SubmitOrder.swift */ = {isa = PBXFileReference; lastKnownFileType = sourcecode.swift; path = SubmitOrder.swift; sourceTree = "<group>"; };
		DB2530BC2817277B00E8BC90 /* CheckView.swift */ = {isa = PBXFileReference; lastKnownFileType = sourcecode.swift; path = CheckView.swift; sourceTree = "<group>"; };
		DB77DA1B281F3C3300753713 /* bundled.realm */ = {isa = PBXFileReference; lastKnownFileType = file; path = bundled.realm; sourceTree = "<group>"; };
/* End PBXFileReference section */

/* Begin PBXFrameworksBuildPhase section */
		DB2530952816F1DD00E8BC90 /* Frameworks */ = {
			isa = PBXFrameworksBuildPhase;
			buildActionMask = 2147483647;
			files = (
				DB2530AD2816F3CF00E8BC90 /* RealmSwift in Frameworks */,
				DB2530AB2816F3CF00E8BC90 /* Realm in Frameworks */,
			);
			runOnlyForDeploymentPostprocessing = 0;
		};
/* End PBXFrameworksBuildPhase section */

/* Begin PBXGroup section */
		DB25308F2816F1DD00E8BC90 = {
			isa = PBXGroup;
			children = (
				DB25309A2816F1DD00E8BC90 /* SwiftUI-Realm-Demo */,
				DB2530992816F1DD00E8BC90 /* Products */,
			);
			sourceTree = "<group>";
		};
		DB2530992816F1DD00E8BC90 /* Products */ = {
			isa = PBXGroup;
			children = (
				DB2530982816F1DD00E8BC90 /* SwiftUI-Realm-Demo.app */,
			);
			name = Products;
			sourceTree = "<group>";
		};
		DB25309A2816F1DD00E8BC90 /* SwiftUI-Realm-Demo */ = {
			isa = PBXGroup;
			children = (
				DB77DA1B281F3C3300753713 /* bundled.realm */,
				DB25309B2816F1DD00E8BC90 /* SwiftUI_Realm_DemoApp.swift */,
				DB2530BB2817000800E8BC90 /* View */,
				DB25309F2816F1DE00E8BC90 /* Assets.xcassets */,
				DB2530A12816F1DE00E8BC90 /* Preview Content */,
				DB2530B62816FC9700E8BC90 /* Model */,
			);
			path = "SwiftUI-Realm-Demo";
			sourceTree = "<group>";
		};
		DB2530A12816F1DE00E8BC90 /* Preview Content */ = {
			isa = PBXGroup;
			children = (
				DB2530A22816F1DE00E8BC90 /* Preview Assets.xcassets */,
			);
			path = "Preview Content";
			sourceTree = "<group>";
		};
		DB2530B62816FC9700E8BC90 /* Model */ = {
			isa = PBXGroup;
			children = (
				DB2530AE2816F51F00E8BC90 /* Customer.swift */,
				DB2530B02816F97B00E8BC90 /* Order.swift */,
				DB2530B22816FB2E00E8BC90 /* Item.swift */,
				DB2530B42816FBC300E8BC90 /* OrderDetail.swift */,
			);
			path = Model;
			sourceTree = "<group>";
		};
		DB2530BB2817000800E8BC90 /* View */ = {
			isa = PBXGroup;
			children = (
				DB25309D2816F1DD00E8BC90 /* ContentView.swift */,
				DB2530B72816FDAB00E8BC90 /* CustomerList.swift */,
				DB2530B92816FDB900E8BC90 /* SubmitOrder.swift */,
				DB2530BE2817A49400E8BC90 /* Helpers */,
			);
			path = View;
			sourceTree = "<group>";
		};
		DB2530BE2817A49400E8BC90 /* Helpers */ = {
			isa = PBXGroup;
			children = (
				DB2530BC2817277B00E8BC90 /* CheckView.swift */,
			);
			path = Helpers;
			sourceTree = "<group>";
		};
/* End PBXGroup section */

/* Begin PBXNativeTarget section */
		DB2530972816F1DD00E8BC90 /* SwiftUI-Realm-Demo */ = {
			isa = PBXNativeTarget;
			buildConfigurationList = DB2530A62816F1DE00E8BC90 /* Build configuration list for PBXNativeTarget "SwiftUI-Realm-Demo" */;
			buildPhases = (
				DB2530942816F1DD00E8BC90 /* Sources */,
				DB2530952816F1DD00E8BC90 /* Frameworks */,
				DB2530962816F1DD00E8BC90 /* Resources */,
			);
			buildRules = (
			);
			dependencies = (
			);
			name = "SwiftUI-Realm-Demo";
			packageProductDependencies = (
				DB2530AA2816F3CF00E8BC90 /* Realm */,
				DB2530AC2816F3CF00E8BC90 /* RealmSwift */,
			);
			productName = "SwiftUI-Realm-Demo";
			productReference = DB2530982816F1DD00E8BC90 /* SwiftUI-Realm-Demo.app */;
			productType = "com.apple.product-type.application";
		};
/* End PBXNativeTarget section */

/* Begin PBXProject section */
		DB2530902816F1DD00E8BC90 /* Project object */ = {
			isa = PBXProject;
			attributes = {
				BuildIndependentTargetsInParallel = 1;
				LastSwiftUpdateCheck = 1330;
				LastUpgradeCheck = 1330;
				TargetAttributes = {
					DB2530972816F1DD00E8BC90 = {
						CreatedOnToolsVersion = 13.3.1;
					};
				};
			};
			buildConfigurationList = DB2530932816F1DD00E8BC90 /* Build configuration list for PBXProject "SwiftUI-Realm-Demo" */;
			compatibilityVersion = "Xcode 13.0";
			developmentRegion = en;
			hasScannedForEncodings = 0;
			knownRegions = (
				en,
				Base,
			);
			mainGroup = DB25308F2816F1DD00E8BC90;
			packageReferences = (
				DB2530A92816F3CF00E8BC90 /* XCRemoteSwiftPackageReference "realm-swift" */,
			);
			productRefGroup = DB2530992816F1DD00E8BC90 /* Products */;
			projectDirPath = "";
			projectRoot = "";
			targets = (
				DB2530972816F1DD00E8BC90 /* SwiftUI-Realm-Demo */,
			);
		};
/* End PBXProject section */

/* Begin PBXResourcesBuildPhase section */
		DB2530962816F1DD00E8BC90 /* Resources */ = {
			isa = PBXResourcesBuildPhase;
			buildActionMask = 2147483647;
			files = (
				DB2530A32816F1DE00E8BC90 /* Preview Assets.xcassets in Resources */,
				DB2530A02816F1DE00E8BC90 /* Assets.xcassets in Resources */,
				DB77DA1C281F3C3300753713 /* bundled.realm in Resources */,
			);
			runOnlyForDeploymentPostprocessing = 0;
		};
/* End PBXResourcesBuildPhase section */

/* Begin PBXSourcesBuildPhase section */
		DB2530942816F1DD00E8BC90 /* Sources */ = {
			isa = PBXSourcesBuildPhase;
			buildActionMask = 2147483647;
			files = (
				DB2530B32816FB2E00E8BC90 /* Item.swift in Sources */,
				DB2530AF2816F51F00E8BC90 /* Customer.swift in Sources */,
				DB2530B82816FDAB00E8BC90 /* CustomerList.swift in Sources */,
				DB25309E2816F1DD00E8BC90 /* ContentView.swift in Sources */,
				DB2530BA2816FDB900E8BC90 /* SubmitOrder.swift in Sources */,
				DB2530BD2817277B00E8BC90 /* CheckView.swift in Sources */,
				DB2530B52816FBC300E8BC90 /* OrderDetail.swift in Sources */,
				DB2530B12816F97B00E8BC90 /* Order.swift in Sources */,
				DB25309C2816F1DD00E8BC90 /* SwiftUI_Realm_DemoApp.swift in Sources */,
			);
			runOnlyForDeploymentPostprocessing = 0;
		};
/* End PBXSourcesBuildPhase section */

/* Begin XCBuildConfiguration section */
		DB2530A42816F1DE00E8BC90 /* Debug */ = {
			isa = XCBuildConfiguration;
			buildSettings = {
				ALWAYS_SEARCH_USER_PATHS = NO;
				CLANG_ANALYZER_NONNULL = YES;
				CLANG_ANALYZER_NUMBER_OBJECT_CONVERSION = YES_AGGRESSIVE;
				CLANG_CXX_LANGUAGE_STANDARD = "gnu++17";
				CLANG_ENABLE_MODULES = YES;
				CLANG_ENABLE_OBJC_ARC = YES;
				CLANG_ENABLE_OBJC_WEAK = YES;
				CLANG_WARN_BLOCK_CAPTURE_AUTORELEASING = YES;
				CLANG_WARN_BOOL_CONVERSION = YES;
				CLANG_WARN_COMMA = YES;
				CLANG_WARN_CONSTANT_CONVERSION = YES;
				CLANG_WARN_DEPRECATED_OBJC_IMPLEMENTATIONS = YES;
				CLANG_WARN_DIRECT_OBJC_ISA_USAGE = YES_ERROR;
				CLANG_WARN_DOCUMENTATION_COMMENTS = YES;
				CLANG_WARN_EMPTY_BODY = YES;
				CLANG_WARN_ENUM_CONVERSION = YES;
				CLANG_WARN_INFINITE_RECURSION = YES;
				CLANG_WARN_INT_CONVERSION = YES;
				CLANG_WARN_NON_LITERAL_NULL_CONVERSION = YES;
				CLANG_WARN_OBJC_IMPLICIT_RETAIN_SELF = YES;
				CLANG_WARN_OBJC_LITERAL_CONVERSION = YES;
				CLANG_WARN_OBJC_ROOT_CLASS = YES_ERROR;
				CLANG_WARN_QUOTED_INCLUDE_IN_FRAMEWORK_HEADER = YES;
				CLANG_WARN_RANGE_LOOP_ANALYSIS = YES;
				CLANG_WARN_STRICT_PROTOTYPES = YES;
				CLANG_WARN_SUSPICIOUS_MOVE = YES;
				CLANG_WARN_UNGUARDED_AVAILABILITY = YES_AGGRESSIVE;
				CLANG_WARN_UNREACHABLE_CODE = YES;
				CLANG_WARN__DUPLICATE_METHOD_MATCH = YES;
				COPY_PHASE_STRIP = NO;
				DEBUG_INFORMATION_FORMAT = dwarf;
				ENABLE_STRICT_OBJC_MSGSEND = YES;
				ENABLE_TESTABILITY = YES;
				GCC_C_LANGUAGE_STANDARD = gnu11;
				GCC_DYNAMIC_NO_PIC = NO;
				GCC_NO_COMMON_BLOCKS = YES;
				GCC_OPTIMIZATION_LEVEL = 0;
				GCC_PREPROCESSOR_DEFINITIONS = (
					"DEBUG=1",
					"$(inherited)",
				);
				GCC_WARN_64_TO_32_BIT_CONVERSION = YES;
				GCC_WARN_ABOUT_RETURN_TYPE = YES_ERROR;
				GCC_WARN_UNDECLARED_SELECTOR = YES;
				GCC_WARN_UNINITIALIZED_AUTOS = YES_AGGRESSIVE;
				GCC_WARN_UNUSED_FUNCTION = YES;
				GCC_WARN_UNUSED_VARIABLE = YES;
				IPHONEOS_DEPLOYMENT_TARGET = 15.4;
				MTL_ENABLE_DEBUG_INFO = INCLUDE_SOURCE;
				MTL_FAST_MATH = YES;
				ONLY_ACTIVE_ARCH = YES;
				SDKROOT = iphoneos;
				SWIFT_ACTIVE_COMPILATION_CONDITIONS = DEBUG;
				SWIFT_OPTIMIZATION_LEVEL = "-Onone";
			};
			name = Debug;
		};
		DB2530A52816F1DE00E8BC90 /* Release */ = {
			isa = XCBuildConfiguration;
			buildSettings = {
				ALWAYS_SEARCH_USER_PATHS = NO;
				CLANG_ANALYZER_NONNULL = YES;
				CLANG_ANALYZER_NUMBER_OBJECT_CONVERSION = YES_AGGRESSIVE;
				CLANG_CXX_LANGUAGE_STANDARD = "gnu++17";
				CLANG_ENABLE_MODULES = YES;
				CLANG_ENABLE_OBJC_ARC = YES;
				CLANG_ENABLE_OBJC_WEAK = YES;
				CLANG_WARN_BLOCK_CAPTURE_AUTORELEASING = YES;
				CLANG_WARN_BOOL_CONVERSION = YES;
				CLANG_WARN_COMMA = YES;
				CLANG_WARN_CONSTANT_CONVERSION = YES;
				CLANG_WARN_DEPRECATED_OBJC_IMPLEMENTATIONS = YES;
				CLANG_WARN_DIRECT_OBJC_ISA_USAGE = YES_ERROR;
				CLANG_WARN_DOCUMENTATION_COMMENTS = YES;
				CLANG_WARN_EMPTY_BODY = YES;
				CLANG_WARN_ENUM_CONVERSION = YES;
				CLANG_WARN_INFINITE_RECURSION = YES;
				CLANG_WARN_INT_CONVERSION = YES;
				CLANG_WARN_NON_LITERAL_NULL_CONVERSION = YES;
				CLANG_WARN_OBJC_IMPLICIT_RETAIN_SELF = YES;
				CLANG_WARN_OBJC_LITERAL_CONVERSION = YES;
				CLANG_WARN_OBJC_ROOT_CLASS = YES_ERROR;
				CLANG_WARN_QUOTED_INCLUDE_IN_FRAMEWORK_HEADER = YES;
				CLANG_WARN_RANGE_LOOP_ANALYSIS = YES;
				CLANG_WARN_STRICT_PROTOTYPES = YES;
				CLANG_WARN_SUSPICIOUS_MOVE = YES;
				CLANG_WARN_UNGUARDED_AVAILABILITY = YES_AGGRESSIVE;
				CLANG_WARN_UNREACHABLE_CODE = YES;
				CLANG_WARN__DUPLICATE_METHOD_MATCH = YES;
				COPY_PHASE_STRIP = NO;
				DEBUG_INFORMATION_FORMAT = "dwarf-with-dsym";
				ENABLE_NS_ASSERTIONS = NO;
				ENABLE_STRICT_OBJC_MSGSEND = YES;
				GCC_C_LANGUAGE_STANDARD = gnu11;
				GCC_NO_COMMON_BLOCKS = YES;
				GCC_WARN_64_TO_32_BIT_CONVERSION = YES;
				GCC_WARN_ABOUT_RETURN_TYPE = YES_ERROR;
				GCC_WARN_UNDECLARED_SELECTOR = YES;
				GCC_WARN_UNINITIALIZED_AUTOS = YES_AGGRESSIVE;
				GCC_WARN_UNUSED_FUNCTION = YES;
				GCC_WARN_UNUSED_VARIABLE = YES;
				IPHONEOS_DEPLOYMENT_TARGET = 15.4;
				MTL_ENABLE_DEBUG_INFO = NO;
				MTL_FAST_MATH = YES;
				SDKROOT = iphoneos;
				SWIFT_COMPILATION_MODE = wholemodule;
				SWIFT_OPTIMIZATION_LEVEL = "-O";
				VALIDATE_PRODUCT = YES;
			};
			name = Release;
		};
		DB2530A72816F1DE00E8BC90 /* Debug */ = {
			isa = XCBuildConfiguration;
			buildSettings = {
				ASSETCATALOG_COMPILER_APPICON_NAME = AppIcon;
				ASSETCATALOG_COMPILER_GLOBAL_ACCENT_COLOR_NAME = AccentColor;
				CODE_SIGN_STYLE = Automatic;
				CURRENT_PROJECT_VERSION = 1;
				DEVELOPMENT_ASSET_PATHS = "\"SwiftUI-Realm-Demo/Preview Content\"";
				ENABLE_PREVIEWS = YES;
				GENERATE_INFOPLIST_FILE = YES;
				INFOPLIST_KEY_UIApplicationSceneManifest_Generation = YES;
				INFOPLIST_KEY_UIApplicationSupportsIndirectInputEvents = YES;
				INFOPLIST_KEY_UILaunchScreen_Generation = YES;
				INFOPLIST_KEY_UISupportedInterfaceOrientations_iPad = "UIInterfaceOrientationPortrait UIInterfaceOrientationPortraitUpsideDown UIInterfaceOrientationLandscapeLeft UIInterfaceOrientationLandscapeRight";
				INFOPLIST_KEY_UISupportedInterfaceOrientations_iPhone = "UIInterfaceOrientationPortrait UIInterfaceOrientationLandscapeLeft UIInterfaceOrientationLandscapeRight";
				LD_RUNPATH_SEARCH_PATHS = (
					"$(inherited)",
					"@executable_path/Frameworks",
				);
				MARKETING_VERSION = 1.0;
				PRODUCT_BUNDLE_IDENTIFIER = "com.stevenpark.SwiftUI-Realm-Demo";
				PRODUCT_NAME = "$(TARGET_NAME)";
				SWIFT_EMIT_LOC_STRINGS = YES;
				SWIFT_VERSION = 5.0;
				TARGETED_DEVICE_FAMILY = "1,2";
			};
			name = Debug;
		};
		DB2530A82816F1DE00E8BC90 /* Release */ = {
			isa = XCBuildConfiguration;
			buildSettings = {
				ASSETCATALOG_COMPILER_APPICON_NAME = AppIcon;
				ASSETCATALOG_COMPILER_GLOBAL_ACCENT_COLOR_NAME = AccentColor;
				CODE_SIGN_STYLE = Automatic;
				CURRENT_PROJECT_VERSION = 1;
				DEVELOPMENT_ASSET_PATHS = "\"SwiftUI-Realm-Demo/Preview Content\"";
				ENABLE_PREVIEWS = YES;
				GENERATE_INFOPLIST_FILE = YES;
				INFOPLIST_KEY_UIApplicationSceneManifest_Generation = YES;
				INFOPLIST_KEY_UIApplicationSupportsIndirectInputEvents = YES;
				INFOPLIST_KEY_UILaunchScreen_Generation = YES;
				INFOPLIST_KEY_UISupportedInterfaceOrientations_iPad = "UIInterfaceOrientationPortrait UIInterfaceOrientationPortraitUpsideDown UIInterfaceOrientationLandscapeLeft UIInterfaceOrientationLandscapeRight";
				INFOPLIST_KEY_UISupportedInterfaceOrientations_iPhone = "UIInterfaceOrientationPortrait UIInterfaceOrientationLandscapeLeft UIInterfaceOrientationLandscapeRight";
				LD_RUNPATH_SEARCH_PATHS = (
					"$(inherited)",
					"@executable_path/Frameworks",
				);
				MARKETING_VERSION = 1.0;
				PRODUCT_BUNDLE_IDENTIFIER = "com.stevenpark.SwiftUI-Realm-Demo";
				PRODUCT_NAME = "$(TARGET_NAME)";
				SWIFT_EMIT_LOC_STRINGS = YES;
				SWIFT_VERSION = 5.0;
				TARGETED_DEVICE_FAMILY = "1,2";
			};
			name = Release;
		};
/* End XCBuildConfiguration section */

/* Begin XCConfigurationList section */
		DB2530932816F1DD00E8BC90 /* Build configuration list for PBXProject "SwiftUI-Realm-Demo" */ = {
			isa = XCConfigurationList;
			buildConfigurations = (
				DB2530A42816F1DE00E8BC90 /* Debug */,
				DB2530A52816F1DE00E8BC90 /* Release */,
			);
			defaultConfigurationIsVisible = 0;
			defaultConfigurationName = Release;
		};
		DB2530A62816F1DE00E8BC90 /* Build configuration list for PBXNativeTarget "SwiftUI-Realm-Demo" */ = {
			isa = XCConfigurationList;
			buildConfigurations = (
				DB2530A72816F1DE00E8BC90 /* Debug */,
				DB2530A82816F1DE00E8BC90 /* Release */,
			);
			defaultConfigurationIsVisible = 0;
			defaultConfigurationName = Release;
		};
/* End XCConfigurationList section */

/* Begin XCRemoteSwiftPackageReference section */
		DB2530A92816F3CF00E8BC90 /* XCRemoteSwiftPackageReference "realm-swift" */ = {
			isa = XCRemoteSwiftPackageReference;
			repositoryURL = "https://github.com/realm/realm-swift.git";
			requirement = {
				kind = upToNextMajorVersion;
				minimumVersion = 10.25.1;
			};
		};
/* End XCRemoteSwiftPackageReference section */

/* Begin XCSwiftPackageProductDependency section */
		DB2530AA2816F3CF00E8BC90 /* Realm */ = {
			isa = XCSwiftPackageProductDependency;
			package = DB2530A92816F3CF00E8BC90 /* XCRemoteSwiftPackageReference "realm-swift" */;
			productName = Realm;
		};
		DB2530AC2816F3CF00E8BC90 /* RealmSwift */ = {
			isa = XCSwiftPackageProductDependency;
			package = DB2530A92816F3CF00E8BC90 /* XCRemoteSwiftPackageReference "realm-swift" */;
			productName = RealmSwift;
		};
/* End XCSwiftPackageProductDependency section */
	};
	rootObject = DB2530902816F1DD00E8BC90 /* Project object */;
}
